
Microsoft Visual Studio Solution File, Format Version 12.00
# Visual Studio Version 16
VisualStudioVersion = 16.0.31005.135
MinimumVisualStudioVersion = 10.0.40219.1
Project("{9A19103F-16F7-4668-BE54-9A1E7A4F7556}") = "Lesson_1", "Lesson_1\Lesson_1.csproj", "{6B8727EF-2ECA-4D61-B2C2-BE180D0F94C8}"
EndProject
Project("{2150E333-8FDC-42A3-9474-1A3956D46DE8}") = "Tests", "Tests", "{D385EB83-30F5-497F-BEF6-24D6A78ABA32}"
EndProject
Project("{9A19103F-16F7-4668-BE54-9A1E7A4F7556}") = "TestConsole", "Tests\TestConsole\TestConsole.csproj", "{D7EEA1D8-DD6D-4B79-A875-54BBBEDE252D}"
EndProject
Project("{9A19103F-16F7-4668-BE54-9A1E7A4F7556}") = "TestWPF", "TestWPF\TestWPF.csproj", "{76D0F60D-7741-47DB-913D-3F738DBAC41B}"
EndProject
Project("{9A19103F-16F7-4668-BE54-9A1E7A4F7556}") = "MailSender.lib", "MailSender.lib\MailSender.lib.csproj", "{A6F8B509-F6F0-41B8-BC7D-667385FBB930}"
EndProject
Global
	GlobalSection(SolutionConfigurationPlatforms) = preSolution
		Debug|Any CPU = Debug|Any CPU
		Release|Any CPU = Release|Any CPU
	EndGlobalSection
	GlobalSection(ProjectConfigurationPlatforms) = postSolution
		{6B8727EF-2ECA-4D61-B2C2-BE180D0F94C8}.Debug|Any CPU.ActiveCfg = Debug|Any CPU
		{6B8727EF-2ECA-4D61-B2C2-BE180D0F94C8}.Debug|Any CPU.Build.0 = Debug|Any CPU
		{6B8727EF-2ECA-4D61-B2C2-BE180D0F94C8}.Release|Any CPU.ActiveCfg = Release|Any CPU
		{6B8727EF-2ECA-4D61-B2C2-BE180D0F94C8}.Release|Any CPU.Build.0 = Release|Any CPU
		{D7EEA1D8-DD6D-4B79-A875-54BBBEDE252D}.Debug|Any CPU.ActiveCfg = Debug|Any CPU
		{D7EEA1D8-DD6D-4B79-A875-54BBBEDE252D}.Debug|Any CPU.Build.0 = Debug|Any CPU
		{D7EEA1D8-DD6D-4B79-A875-54BBBEDE252D}.Release|Any CPU.ActiveCfg = Release|Any CPU
		{D7EEA1D8-DD6D-4B79-A875-54BBBEDE252D}.Release|Any CPU.Build.0 = Release|Any CPU
		{76D0F60D-7741-47DB-913D-3F738DBAC41B}.Debug|Any CPU.ActiveCfg = Debug|Any CPU
		{76D0F60D-7741-47DB-913D-3F738DBAC41B}.Debug|Any CPU.Build.0 = Debug|Any CPU
		{76D0F60D-7741-47DB-913D-3F738DBAC41B}.Release|Any CPU.ActiveCfg = Release|Any CPU
		{76D0F60D-7741-47DB-913D-3F738DBAC41B}.Release|Any CPU.Build.0 = Release|Any CPU
		{A6F8B509-F6F0-41B8-BC7D-667385FBB930}.Debug|Any CPU.ActiveCfg = Debug|Any CPU
		{A6F8B509-F6F0-41B8-BC7D-667385FBB930}.Debug|Any CPU.Build.0 = Debug|Any CPU
		{A6F8B509-F6F0-41B8-BC7D-667385FBB930}.Release|Any CPU.ActiveCfg = Release|Any CPU
		{A6F8B509-F6F0-41B8-BC7D-667385FBB930}.Release|Any CPU.Build.0 = Release|Any CPU
	EndGlobalSection
	GlobalSection(SolutionProperties) = preSolution
		HideSolutionNode = FALSE
	EndGlobalSection
	GlobalSection(NestedProjects) = preSolution
		{D7EEA1D8-DD6D-4B79-A875-54BBBEDE252D} = {D385EB83-30F5-497F-BEF6-24D6A78ABA32}
		{76D0F60D-7741-47DB-913D-3F738DBAC41B} = {D385EB83-30F5-497F-BEF6-24D6A78ABA32}
	EndGlobalSection
	GlobalSection(ExtensibilityGlobals) = postSolution
		SolutionGuid = {7536FB37-2E09-48FA-A201-A277068935AE}
	EndGlobalSection
EndGlobal
